
Microsoft Visual Studio Solution File, Format Version 12.00
# Visual Studio Version 17
VisualStudioVersion = 17.8.34322.80
MinimumVisualStudioVersion = 10.0.40219.1
Project("{FAE04EC0-301F-11D3-BF4B-00C04F79EFBC}") = "ASP_NET_Core_Web_API_V8_Product", "ASP_NET_Core_Web_API_V8_Product\ASP_NET_Core_Web_API_V8_Product.csproj", "{51F6CCF5-39C8-443C-B601-B0C2DAFA3136}"
EndProject
Global
	GlobalSection(SolutionConfigurationPlatforms) = preSolution
		Debug|Any CPU = Debug|Any CPU
		Release|Any CPU = Release|Any CPU
	EndGlobalSection
	GlobalSection(ProjectConfigurationPlatforms) = postSolution
		{51F6CCF5-39C8-443C-B601-B0C2DAFA3136}.Debug|Any CPU.ActiveCfg = Debug|Any CPU
		{51F6CCF5-39C8-443C-B601-B0C2DAFA3136}.Debug|Any CPU.Build.0 = Debug|Any CPU
		{51F6CCF5-39C8-443C-B601-B0C2DAFA3136}.Release|Any CPU.ActiveCfg = Release|Any CPU
		{51F6CCF5-39C8-443C-B601-B0C2DAFA3136}.Release|Any CPU.Build.0 = Release|Any CPU
	EndGlobalSection
	GlobalSection(SolutionProperties) = preSolution
		HideSolutionNode = FALSE
	EndGlobalSection
	GlobalSection(ExtensibilityGlobals) = postSolution
		SolutionGuid = {3CBD9458-9792-4EC0-A2ED-F16E1082EECC}
	EndGlobalSection
EndGlobal
